
Microsoft Visual Studio Solution File, Format Version 12.00
# Visual Studio Version 17
VisualStudioVersion = 17.1.32328.378
MinimumVisualStudioVersion = 10.0.40219.1
Project("{FAE04EC0-301F-11D3-BF4B-00C04F79EFBC}") = "MountEditorReBorn", "MountEditorReBorn\MountEditorReBorn.csproj", "{7E8E2B88-C768-4A8B-A515-89FB812B5760}"
EndProject
Global
	GlobalSection(SolutionConfigurationPlatforms) = preSolution
		Debug|Any CPU = Debug|Any CPU
		Release|Any CPU = Release|Any CPU
	EndGlobalSection
	GlobalSection(ProjectConfigurationPlatforms) = postSolution
		{7E8E2B88-C768-4A8B-A515-89FB812B5760}.Debug|Any CPU.ActiveCfg = Debug|Any CPU
		{7E8E2B88-C768-4A8B-A515-89FB812B5760}.Debug|Any CPU.Build.0 = Debug|Any CPU
		{7E8E2B88-C768-4A8B-A515-89FB812B5760}.Release|Any CPU.ActiveCfg = Release|Any CPU
		{7E8E2B88-C768-4A8B-A515-89FB812B5760}.Release|Any CPU.Build.0 = Release|Any CPU
	EndGlobalSection
	GlobalSection(SolutionProperties) = preSolution
		HideSolutionNode = FALSE
	EndGlobalSection
	GlobalSection(ExtensibilityGlobals) = postSolution
		SolutionGuid = {643CC4A3-A58D-4233-AB76-D2ABDD8E3C2F}
	EndGlobalSection
EndGlobal
